
Microsoft Visual Studio Solution File, Format Version 12.00
# Visual Studio Version 17
VisualStudioVersion = 17.3.32901.215
MinimumVisualStudioVersion = 10.0.40219.1
Project("{9A19103F-16F7-4668-BE54-9A1E7A4F7556}") = "BlazorApiProject", "BlazorApiProject\BlazorApiProject.csproj", "{4A5AE331-3CDE-470E-A094-37469C143630}"
EndProject
Project("{9A19103F-16F7-4668-BE54-9A1E7A4F7556}") = "MyAPI", "MyAPI\MyAPI.csproj", "{AA3C851C-F6AF-476D-BFA4-C9E644B9C465}"
EndProject
Project("{9A19103F-16F7-4668-BE54-9A1E7A4F7556}") = "MyModels", "MyModels\MyModels.csproj", "{8352F582-7F32-48C1-BF76-A8D1C280B406}"
EndProject
Global
	GlobalSection(SolutionConfigurationPlatforms) = preSolution
		Debug|Any CPU = Debug|Any CPU
		Release|Any CPU = Release|Any CPU
	EndGlobalSection
	GlobalSection(ProjectConfigurationPlatforms) = postSolution
		{4A5AE331-3CDE-470E-A094-37469C143630}.Debug|Any CPU.ActiveCfg = Debug|Any CPU
		{4A5AE331-3CDE-470E-A094-37469C143630}.Debug|Any CPU.Build.0 = Debug|Any CPU
		{4A5AE331-3CDE-470E-A094-37469C143630}.Release|Any CPU.ActiveCfg = Release|Any CPU
		{4A5AE331-3CDE-470E-A094-37469C143630}.Release|Any CPU.Build.0 = Release|Any CPU
		{AA3C851C-F6AF-476D-BFA4-C9E644B9C465}.Debug|Any CPU.ActiveCfg = Debug|Any CPU
		{AA3C851C-F6AF-476D-BFA4-C9E644B9C465}.Debug|Any CPU.Build.0 = Debug|Any CPU
		{AA3C851C-F6AF-476D-BFA4-C9E644B9C465}.Release|Any CPU.ActiveCfg = Release|Any CPU
		{AA3C851C-F6AF-476D-BFA4-C9E644B9C465}.Release|Any CPU.Build.0 = Release|Any CPU
		{8352F582-7F32-48C1-BF76-A8D1C280B406}.Debug|Any CPU.ActiveCfg = Debug|Any CPU
		{8352F582-7F32-48C1-BF76-A8D1C280B406}.Debug|Any CPU.Build.0 = Debug|Any CPU
		{8352F582-7F32-48C1-BF76-A8D1C280B406}.Release|Any CPU.ActiveCfg = Release|Any CPU
		{8352F582-7F32-48C1-BF76-A8D1C280B406}.Release|Any CPU.Build.0 = Release|Any CPU
	EndGlobalSection
	GlobalSection(SolutionProperties) = preSolution
		HideSolutionNode = FALSE
	EndGlobalSection
	GlobalSection(ExtensibilityGlobals) = postSolution
		SolutionGuid = {5C4C20BE-5706-452C-AD81-A31E0085E3C5}
	EndGlobalSection
EndGlobal
